lockfileVersion: '6.0'

settings:
  autoInstallPeers: true
  excludeLinksFromLockfile: false

devDependencies:
  '@girs/accountsservice-1.0':
    specifier: 1.0.0-3.2.9
    version: 1.0.0-3.2.9
  bun:
    specifier: ^1.0.36
    version: 1.0.36
  typescript:
    specifier: ^5.4.3
    version: 5.4.3

packages:

  /@girs/accountsservice-1.0@1.0.0-3.2.9:
    resolution: {integrity: sha512-o0O+G61zVubCoXomJI+zi2G42rP0kej8/mq4pAaMg/DMdYOLpGfUq2/EKlkXn/kAe4D3JZW3kg3PBFYXEW/gxw==}
    dependencies:
      '@girs/gio-2.0': 2.78.0-3.3.0
      '@girs/gjs': 3.3.0
      '@girs/glib-2.0': 2.78.0-3.3.0
      '@girs/gobject-2.0': 2.78.0-3.3.0
    dev: true

  /@girs/gio-2.0@2.78.0-3.3.0:
    resolution: {integrity: sha512-39VvlB9Mzikh39cR80VMbsNxW4TG9axCKQwzAtEEwaSmvj6PzOo7KpGQ4/prRH98F1mAKQ1muLWz4H3A+zz3NA==}
    dependencies:
      '@girs/gjs': 3.3.0
      '@girs/glib-2.0': 2.78.0-3.3.0
      '@girs/gobject-2.0': 2.78.0-3.3.0
    dev: true

  /@girs/gjs@3.3.0:
    resolution: {integrity: sha512-5cQaouORn53vLM+cFAEOzJuzcm47eH86R2OGUgrHIL4KT7sEm+BKkhqlI67m+iJUMl/I72P2Hfe+Am4jl0YxlQ==}
    dependencies:
      '@girs/glib-2.0': 2.78.0-3.3.0
      '@girs/gobject-2.0': 2.78.0-3.3.0
    dev: true

  /@girs/glib-2.0@2.78.0-3.3.0:
    resolution: {integrity: sha512-XuoKuOm9aNVou+yWtlbcwEcNI7v1gCJUBQboPlZxft+o9CnP2FmwRntqZnfhZepGmLbASMA8Ow5iEL8glNwVsw==}
    dependencies:
      '@girs/gjs': 3.3.0
      '@girs/gobject-2.0': 2.78.0-3.3.0
    dev: true

  /@girs/gobject-2.0@2.78.0-3.3.0:
    resolution: {integrity: sha512-s6IpE1o9uAf8kZgncWjdYerErhWXgszIFHXEvvyKR8csI36SFD730CqJRiCepP2okoJmD0Vi3jrnuq5jb8wIMA==}
    dependencies:
      '@girs/gjs': 3.3.0
      '@girs/glib-2.0': 2.78.0-3.3.0
    dev: true

  /@oven/bun-darwin-aarch64@1.0.36:
    resolution: {integrity: sha512-w4PkIgM0E4s93l+sT3UuAHA+D9WYl8YQA+hiUSU9qaIHxkAvFXf7+/mbWJ2ltlr9vOefAoJWNXMlDQNFljj6aQ==}
    cpu: [arm64]
    os: [darwin]
    requiresBuild: true
    dev: true
    optional: true

  /@oven/bun-darwin-x64-baseline@1.0.36:
    resolution: {integrity: sha512-JAwk3erMgnC9l0Tn5eRSHFexkjisZDBCpAFzO1kqzIDVaq6uUC1tA38He4x6tKAsqSWghh+2b8ryA9SsJljt5w==}
    cpu: [x64]
    os: [darwin]
    requiresBuild: true
    dev: true
    optional: true

  /@oven/bun-darwin-x64@1.0.36:
    resolution: {integrity: sha512-D7PiEEswWbdYKyJTiU+ENrdvtQ5NwKFVzOIjljDgIZXx/tBVsASFXuREyFeicSGQexr77oUuN0m0zlB3okYiQg==}
    cpu: [x64]
    os: [darwin]
    requiresBuild: true
    dev: true
    optional: true

  /@oven/bun-linux-aarch64@1.0.36:
    resolution: {integrity: sha512-GeWtoSfTfSNyvlhWJ4NHZcGGe7nX8nHzCovV+c2Mk5A2UmnBYYFewq3sRT9ET6m+yMGf9qDLhgqmm5XjWjmKCA==}
    cpu: [arm64]
    os: [linux]
    requiresBuild: true
    dev: true
    optional: true

  /@oven/bun-linux-x64-baseline@1.0.36:
    resolution: {integrity: sha512-G+erHwcV/ndaCHVkqF8tgwatlk1pohMjeOK+3zxgp/UEMAT9Bbt7dSPHwOdD0BRMcA9ytxLoGVfFZWqXEhR9dA==}
    cpu: [x64]
    os: [linux]
    requiresBuild: true
    dev: true
    optional: true

  /@oven/bun-linux-x64@1.0.36:
    resolution: {integrity: sha512-swLgGuUKDcoDzIf8YQmK8ewGUaHDJwIQ8o7hXA7GWZGmFSfbY6UM4no99uztuT6BXPY3AboE7Hc8sdP91T1tVQ==}
    cpu: [x64]
    os: [linux]
    requiresBuild: true
    dev: true
    optional: true

  /bun@1.0.36:
    resolution: {integrity: sha512-GUCWqouaaKf85KZLJwk27+12/55x857YVo6KGCM+ohKlzoJ6AtCea8/kDS16HoMOZ9/XKvyP3Cc+ZXUFYwoKjA==}
    cpu: [arm64, x64]
    os: [darwin, linux]
    hasBin: true
    requiresBuild: true
    optionalDependencies:
      '@oven/bun-darwin-aarch64': 1.0.36
      '@oven/bun-darwin-x64': 1.0.36
      '@oven/bun-darwin-x64-baseline': 1.0.36
      '@oven/bun-linux-aarch64': 1.0.36
      '@oven/bun-linux-x64': 1.0.36
      '@oven/bun-linux-x64-baseline': 1.0.36
    dev: true

  /typescript@5.4.3:
    resolution: {integrity: sha512-KrPd3PKaCLr78MalgiwJnA25Nm8HAmdwN3mYUYZgG/wizIo9EainNVQI9/yDavtVFRN2h3k8uf3GLHuhDMgEHg==}
    engines: {node: '>=14.17'}
    hasBin: true
    dev: true
