lockfileVersion: '9.0'

settings:
  autoInstallPeers: true
  excludeLinksFromLockfile: false

importers:

  .:
    devDependencies:
      '@girs/accountsservice-1.0':
        specifier: 1.0.0-3.2.9
        version: 1.0.0-3.2.9
      bun:
        specifier: ^1.1.6
        version: 1.1.6
      typescript:
        specifier: ^5.4.5
        version: 5.4.5

packages:

  '@girs/accountsservice-1.0@1.0.0-3.2.9':
    resolution: {integrity: sha512-o0O+G61zVubCoXomJI+zi2G42rP0kej8/mq4pAaMg/DMdYOLpGfUq2/EKlkXn/kAe4D3JZW3kg3PBFYXEW/gxw==}

  '@girs/gio-2.0@2.78.0-3.3.0':
    resolution: {integrity: sha512-39VvlB9Mzikh39cR80VMbsNxW4TG9axCKQwzAtEEwaSmvj6PzOo7KpGQ4/prRH98F1mAKQ1muLWz4H3A+zz3NA==}

  '@girs/gjs@3.3.0':
    resolution: {integrity: sha512-5cQaouORn53vLM+cFAEOzJuzcm47eH86R2OGUgrHIL4KT7sEm+BKkhqlI67m+iJUMl/I72P2Hfe+Am4jl0YxlQ==}

  '@girs/glib-2.0@2.78.0-3.3.0':
    resolution: {integrity: sha512-XuoKuOm9aNVou+yWtlbcwEcNI7v1gCJUBQboPlZxft+o9CnP2FmwRntqZnfhZepGmLbASMA8Ow5iEL8glNwVsw==}

  '@girs/gobject-2.0@2.78.0-3.3.0':
    resolution: {integrity: sha512-s6IpE1o9uAf8kZgncWjdYerErhWXgszIFHXEvvyKR8csI36SFD730CqJRiCepP2okoJmD0Vi3jrnuq5jb8wIMA==}

  '@oven/bun-darwin-aarch64@1.1.6':
    resolution: {integrity: sha512-1GQb0gugo/qndj5ehktgHRAoyCM5fWisbLEBLq6YorHTc71T5cqFWCQ6uPcfy3k9cxEDd8tUpejekyi8EsCxgw==}
    cpu: [arm64]
    os: [darwin]

  '@oven/bun-darwin-x64-baseline@1.1.6':
    resolution: {integrity: sha512-amG6o1y1ksjwOUKS97IW5VQE/UPfEa4Edket1+VUa0UGvo/0z3+2gVYF3Bt+pZA45glJKXM3nI9wYlmVeE/AcQ==}
    cpu: [x64]
    os: [darwin]

  '@oven/bun-darwin-x64@1.1.6':
    resolution: {integrity: sha512-NK8py4eJNkN6iNfvaM8pzmmNNNkbyzRvnc/pmrDLFPPfgJklJ2esm8OBCALDe9RvP1USDo8H1I4IXCtQQIu3SQ==}
    cpu: [x64]
    os: [darwin]

  '@oven/bun-linux-aarch64@1.1.6':
    resolution: {integrity: sha512-FOlZBeIrk7DlOsktWwahmxJwaKxCG9C+pKPMj8s+u08WhAKtfMBpgHvHsilBKE9W1twta+jB+geW4kU1KZSNZg==}
    cpu: [arm64]
    os: [linux]

  '@oven/bun-linux-x64-baseline@1.1.6':
    resolution: {integrity: sha512-a/Wx5ZTl0BDq9WH5nJfl8rw0YX5/dWmxmy3pYki6EBbwjcsA8iMzjkRpp5k8NEV2SpyaDMdS+xCb/HiaO4RWoQ==}
    cpu: [x64]
    os: [linux]

  '@oven/bun-linux-x64@1.1.6':
    resolution: {integrity: sha512-PN/5XSPCWCuIgOEhxWfx5ViVEY9ZfpEpJkadDiZi9IY17mb/aZVvt0Lll4doe6B7hjbglb1nI++GXcpqU/fonw==}
    cpu: [x64]
    os: [linux]

  '@oven/bun-windows-x64-baseline@1.1.6':
    resolution: {integrity: sha512-8VVPdKTYEsQPwlCasLWmTsHPcC9om9FaZlH9j7Gs9jBYje3FDXMyLI3DalVQ/VBY+uwQ8qoXhtDrh83nLuawhA==}
    cpu: [x64]
    os: [win32]

  '@oven/bun-windows-x64@1.1.6':
    resolution: {integrity: sha512-knJePhYbqtYv5RNUrnkMFrK4z3dDIPzom402yjSLkESZhsnO16xtLkULocV2yk0KDXKo2C3BqoZKHATCK6LxqQ==}
    cpu: [x64]
    os: [win32]

  bun@1.1.6:
    resolution: {integrity: sha512-0oKx5dVZ8LpsAvXdW2DTR5Zt3KS81Ifjx9T2ma7RjDPKbvGIlDXOPt++tr1SndxhFNFsMFeE4i6VKvlL7IR0Zw==}
    cpu: [arm64, x64]
    os: [darwin, linux, win32]
    hasBin: true

  typescript@5.4.5:
    resolution: {integrity: sha512-vcI4UpRgg81oIRUFwR0WSIHKt11nJ7SAVlYNIu+QpqeyXP+gpQJy/Z4+F0aGxSE4MqwjyXvW/TzgkLAx2AGHwQ==}
    engines: {node: '>=14.17'}
    hasBin: true

snapshots:

  '@girs/accountsservice-1.0@1.0.0-3.2.9':
    dependencies:
      '@girs/gio-2.0': 2.78.0-3.3.0
      '@girs/gjs': 3.3.0
      '@girs/glib-2.0': 2.78.0-3.3.0
      '@girs/gobject-2.0': 2.78.0-3.3.0

  '@girs/gio-2.0@2.78.0-3.3.0':
    dependencies:
      '@girs/gjs': 3.3.0
      '@girs/glib-2.0': 2.78.0-3.3.0
      '@girs/gobject-2.0': 2.78.0-3.3.0

  '@girs/gjs@3.3.0':
    dependencies:
      '@girs/glib-2.0': 2.78.0-3.3.0
      '@girs/gobject-2.0': 2.78.0-3.3.0

  '@girs/glib-2.0@2.78.0-3.3.0':
    dependencies:
      '@girs/gjs': 3.3.0
      '@girs/gobject-2.0': 2.78.0-3.3.0

  '@girs/gobject-2.0@2.78.0-3.3.0':
    dependencies:
      '@girs/gjs': 3.3.0
      '@girs/glib-2.0': 2.78.0-3.3.0

  '@oven/bun-darwin-aarch64@1.1.6':
    optional: true

  '@oven/bun-darwin-x64-baseline@1.1.6':
    optional: true

  '@oven/bun-darwin-x64@1.1.6':
    optional: true

  '@oven/bun-linux-aarch64@1.1.6':
    optional: true

  '@oven/bun-linux-x64-baseline@1.1.6':
    optional: true

  '@oven/bun-linux-x64@1.1.6':
    optional: true

  '@oven/bun-windows-x64-baseline@1.1.6':
    optional: true

  '@oven/bun-windows-x64@1.1.6':
    optional: true

  bun@1.1.6:
    optionalDependencies:
      '@oven/bun-darwin-aarch64': 1.1.6
      '@oven/bun-darwin-x64': 1.1.6
      '@oven/bun-darwin-x64-baseline': 1.1.6
      '@oven/bun-linux-aarch64': 1.1.6
      '@oven/bun-linux-x64': 1.1.6
      '@oven/bun-linux-x64-baseline': 1.1.6
      '@oven/bun-windows-x64': 1.1.6
      '@oven/bun-windows-x64-baseline': 1.1.6

  typescript@5.4.5: {}
