lockfileVersion: '9.0'

settings:
  autoInstallPeers: true
  excludeLinksFromLockfile: false

importers:

  .:
    devDependencies:
      '@girs/accountsservice-1.0':
        specifier: 1.0.0-4.0.0-beta.14
        version: 1.0.0-4.0.0-beta.14
      bun:
        specifier: ^1.1.26
        version: 1.1.26
      typescript:
        specifier: ^5.5.4
        version: 5.5.4

packages:

  '@girs/accountsservice-1.0@1.0.0-4.0.0-beta.14':
    resolution: {integrity: sha512-SSmkaueQXF7O82aOJJu/XSmWy9dsO/YhcG7PmZNHbLXzLG1p7g7mpLLEHpeijijDQi2IzUdAvD+nAmHtNBNpug==}

  '@girs/cairo-1.0@1.0.0-4.0.0-beta.14':
    resolution: {integrity: sha512-WCk/3h3Opsh4xyOe/mNw7VGgJQsD7q54IK3e0W9C/INLp6A98gqe6ooA2AAWTmtLGwUjW0vMNOUBVb3A/sEIiA==}

  '@girs/gio-2.0@2.80.3-4.0.0-beta.14':
    resolution: {integrity: sha512-ZPcUYDJOTf1z1xN0nGGZEgUzAGl6ZxTeJFH5nTaILmnYpnHR50EG+5YzGi+PUwQzuafMYj6KkHXh9HW4723ctw==}

  '@girs/gjs@4.0.0-beta.14':
    resolution: {integrity: sha512-80uV5SGGN7JxXWV3BRlJRSQ2eoOYZvJqJ5/507XXMhGBMOnxv4PIZcmTYNsEBqpWSr8n9mtCuNFxdRuikbpnUg==}

  '@girs/glib-2.0@2.80.3-4.0.0-beta.14':
    resolution: {integrity: sha512-RCXtrsYjRXhPHfT0DVAG5T2ns+KjyJzpNxhECyr1C1nGq6tCnyGHrtIJ8NrVOA19yDKs7HVKRE1rROBrLglRDw==}

  '@girs/gmodule-2.0@2.0.0-4.0.0-beta.14':
    resolution: {integrity: sha512-0V/KhUK92rsGcYaxXMVDsx82x8U/E+t5G2NiaqmTreMPaJhAnaYgFTJg1KsZpTGJKH1mvnLusbW0apQcAxcB5Q==}

  '@girs/gobject-2.0@2.80.3-4.0.0-beta.14':
    resolution: {integrity: sha512-2yJcCmf0vGG1hHI286C6opegSO03fPeg4t3pRbc2fl3u5cx+lLKRvbA85ZzL8qpFicxRLrkWjaQEWcV8y+3zfA==}

  '@oven/bun-darwin-aarch64@1.1.26':
    resolution: {integrity: sha512-E8/3i0RIvsIWS+kyeIlbwBh+4qB5DsQIfcO6xr4p3t7tEzvRWnrFkJrbJthru/eB1UsVV9PJ/hsxTrp3m3za4A==}
    cpu: [arm64]
    os: [darwin]

  '@oven/bun-darwin-x64-baseline@1.1.26':
    resolution: {integrity: sha512-36HQlQfbrwP//xOS5VFN9AR/iH6BDQo3y8j5282DmRO+h6jylwlg+2+Sfz+1uXDOLDQWCbnNv3Mpl8+Ltso6cQ==}
    cpu: [x64]
    os: [darwin]

  '@oven/bun-darwin-x64@1.1.26':
    resolution: {integrity: sha512-ENRAAGBr2zh0VfETZXqcNPO3ZnnKDX3U6E/oWY+J70uWa9dJqRlRaj1oLB63AGoYJBNdhEcsSmTAk7toCJ+PGQ==}
    cpu: [x64]
    os: [darwin]

  '@oven/bun-linux-aarch64@1.1.26':
    resolution: {integrity: sha512-MqE/ClaEMW6B5i5UIYJnHbadWLt6QQQHV3NBlXd78Mhx1OiZY0YmARQmAItPUp9mxIEgGuA2QyrKvgGD3pzWPQ==}
    cpu: [arm64]
    os: [linux]

  '@oven/bun-linux-x64-baseline@1.1.26':
    resolution: {integrity: sha512-jQeSLodwfQu5pG529jYG73VSFq26hdrTspxo9E/1B1WvwKrs2Vtz3w32zv+JWH+gvZqc28A/yK6pAmzQMiscNg==}
    cpu: [x64]
    os: [linux]

  '@oven/bun-linux-x64@1.1.26':
    resolution: {integrity: sha512-sD/ZegJpnBg93qsKsiGnJgTROc68CWONwZpvtL65cBROLBqKb965ofhPUaM5oV8HckfaTDmT37cks59hG+tHvw==}
    cpu: [x64]
    os: [linux]

  '@oven/bun-windows-x64-baseline@1.1.26':
    resolution: {integrity: sha512-qb593xu9WIKBCHd47z7ZaZTC9h8r4T6qDbBV/XGLhxdZEJb24ePWdhW8WoHxa9hsATio9SByozqwblXb2tJncw==}
    cpu: [x64]
    os: [win32]

  '@oven/bun-windows-x64@1.1.26':
    resolution: {integrity: sha512-EkyW6JYnZPFxD9XsdEDqFxVCnWnAoyacUAiOEUYAiz8LsnbHLMlOfbdw7KYzvm7UPFoEkUZKD78eSdpg6q6c+Q==}
    cpu: [x64]
    os: [win32]

  bun@1.1.26:
    resolution: {integrity: sha512-dWSewAqE7sVbYmflJxgG47dW4vmsbar7VAnQ4ao45y3ulr3n7CwdsMLFnzd28jhPRtF+rsaVK2y4OLIkP3OD4A==}
    cpu: [arm64, x64]
    os: [darwin, linux, win32]
    hasBin: true

  typescript@5.5.4:
    resolution: {integrity: sha512-Mtq29sKDAEYP7aljRgtPOpTvOfbwRWlS6dPRzwjdE+C0R4brX/GUyhHSecbHMFLNBLcJIPt9nl9yG5TZ1weH+Q==}
    engines: {node: '>=14.17'}
    hasBin: true

snapshots:

  '@girs/accountsservice-1.0@1.0.0-4.0.0-beta.14':
    dependencies:
      '@girs/gio-2.0': 2.80.3-4.0.0-beta.14
      '@girs/gjs': 4.0.0-beta.14
      '@girs/glib-2.0': 2.80.3-4.0.0-beta.14
      '@girs/gmodule-2.0': 2.0.0-4.0.0-beta.14
      '@girs/gobject-2.0': 2.80.3-4.0.0-beta.14

  '@girs/cairo-1.0@1.0.0-4.0.0-beta.14':
    dependencies:
      '@girs/gjs': 4.0.0-beta.14
      '@girs/glib-2.0': 2.80.3-4.0.0-beta.14
      '@girs/gobject-2.0': 2.80.3-4.0.0-beta.14

  '@girs/gio-2.0@2.80.3-4.0.0-beta.14':
    dependencies:
      '@girs/gjs': 4.0.0-beta.14
      '@girs/glib-2.0': 2.80.3-4.0.0-beta.14
      '@girs/gmodule-2.0': 2.0.0-4.0.0-beta.14
      '@girs/gobject-2.0': 2.80.3-4.0.0-beta.14

  '@girs/gjs@4.0.0-beta.14':
    dependencies:
      '@girs/cairo-1.0': 1.0.0-4.0.0-beta.14
      '@girs/gio-2.0': 2.80.3-4.0.0-beta.14
      '@girs/glib-2.0': 2.80.3-4.0.0-beta.14
      '@girs/gobject-2.0': 2.80.3-4.0.0-beta.14

  '@girs/glib-2.0@2.80.3-4.0.0-beta.14':
    dependencies:
      '@girs/gjs': 4.0.0-beta.14
      '@girs/gobject-2.0': 2.80.3-4.0.0-beta.14

  '@girs/gmodule-2.0@2.0.0-4.0.0-beta.14':
    dependencies:
      '@girs/gjs': 4.0.0-beta.14
      '@girs/glib-2.0': 2.80.3-4.0.0-beta.14
      '@girs/gobject-2.0': 2.80.3-4.0.0-beta.14

  '@girs/gobject-2.0@2.80.3-4.0.0-beta.14':
    dependencies:
      '@girs/gjs': 4.0.0-beta.14
      '@girs/glib-2.0': 2.80.3-4.0.0-beta.14

  '@oven/bun-darwin-aarch64@1.1.26':
    optional: true

  '@oven/bun-darwin-x64-baseline@1.1.26':
    optional: true

  '@oven/bun-darwin-x64@1.1.26':
    optional: true

  '@oven/bun-linux-aarch64@1.1.26':
    optional: true

  '@oven/bun-linux-x64-baseline@1.1.26':
    optional: true

  '@oven/bun-linux-x64@1.1.26':
    optional: true

  '@oven/bun-windows-x64-baseline@1.1.26':
    optional: true

  '@oven/bun-windows-x64@1.1.26':
    optional: true

  bun@1.1.26:
    optionalDependencies:
      '@oven/bun-darwin-aarch64': 1.1.26
      '@oven/bun-darwin-x64': 1.1.26
      '@oven/bun-darwin-x64-baseline': 1.1.26
      '@oven/bun-linux-aarch64': 1.1.26
      '@oven/bun-linux-x64': 1.1.26
      '@oven/bun-linux-x64-baseline': 1.1.26
      '@oven/bun-windows-x64': 1.1.26
      '@oven/bun-windows-x64-baseline': 1.1.26

  typescript@5.5.4: {}
